
Microsoft Visual Studio Solution File, Format Version 12.00
# Visual Studio Version 17
VisualStudioVersion = 17.8.34525.116
MinimumVisualStudioVersion = 10.0.40219.1
Project("{FAE04EC0-301F-11D3-BF4B-00C04F79EFBC}") = "SpotifyPlaylistSorterWeb", "SpotifyPlaylistSorterWeb\SpotifyPlaylistSorterWeb.csproj", "{FB26F2D5-2784-4438-BB05-937F5290E4DB}"
EndProject
Project("{FAE04EC0-301F-11D3-BF4B-00C04F79EFBC}") = "TrackAnalysisWorker", "TrackAnalysisWorker\TrackAnalysisWorker.csproj", "{1A0CEB03-5204-4E4A-8EC4-DAC704C7DACD}"
EndProject
Project("{FAE04EC0-301F-11D3-BF4B-00C04F79EFBC}") = "Common", "Common\Common.csproj", "{C66FCBC3-B3F4-4E22-940A-4C822CCEAC31}"
EndProject
Project("{FAE04EC0-301F-11D3-BF4B-00C04F79EFBC}") = "SpotifyPlaylistSorter.Business", "SpotifyPlaylistSorter.Business\SpotifyPlaylistSorter.Business.csproj", "{6E2633B0-618F-4135-AC20-891128C0226F}"
EndProject
Project("{FAE04EC0-301F-11D3-BF4B-00C04F79EFBC}") = "SpotifyPlaylistSorter.Domain", "SpotifyPlaylistSorter.Domain\SpotifyPlaylistSorter.Domain.csproj", "{B09AE66C-CB44-4130-ADED-3E42C59FFEFC}"
EndProject
Project("{FAE04EC0-301F-11D3-BF4B-00C04F79EFBC}") = "SpotifyPlaylistSorter.Business.Tests", "SpotifyPlaylistSorter.Business.Tests\SpotifyPlaylistSorter.Business.Tests.csproj", "{6141494F-E1F2-4CF1-A075-69BBAE6BEC7D}"
EndProject
Global
	GlobalSection(SolutionConfigurationPlatforms) = preSolution
		Debug|Any CPU = Debug|Any CPU
		Debug|x64 = Debug|x64
		Debug|x86 = Debug|x86
		Release|Any CPU = Release|Any CPU
		Release|x64 = Release|x64
		Release|x86 = Release|x86
	EndGlobalSection
	GlobalSection(ProjectConfigurationPlatforms) = postSolution
		{FB26F2D5-2784-4438-BB05-937F5290E4DB}.Debug|Any CPU.ActiveCfg = Debug|Any CPU
		{FB26F2D5-2784-4438-BB05-937F5290E4DB}.Debug|Any CPU.Build.0 = Debug|Any CPU
		{FB26F2D5-2784-4438-BB05-937F5290E4DB}.Debug|x64.ActiveCfg = Debug|Any CPU
		{FB26F2D5-2784-4438-BB05-937F5290E4DB}.Debug|x64.Build.0 = Debug|Any CPU
		{FB26F2D5-2784-4438-BB05-937F5290E4DB}.Debug|x86.ActiveCfg = Debug|Any CPU
		{FB26F2D5-2784-4438-BB05-937F5290E4DB}.Debug|x86.Build.0 = Debug|Any CPU
		{FB26F2D5-2784-4438-BB05-937F5290E4DB}.Release|Any CPU.ActiveCfg = Release|Any CPU
		{FB26F2D5-2784-4438-BB05-937F5290E4DB}.Release|Any CPU.Build.0 = Release|Any CPU
		{FB26F2D5-2784-4438-BB05-937F5290E4DB}.Release|x64.ActiveCfg = Release|Any CPU
		{FB26F2D5-2784-4438-BB05-937F5290E4DB}.Release|x64.Build.0 = Release|Any CPU
		{FB26F2D5-2784-4438-BB05-937F5290E4DB}.Release|x86.ActiveCfg = Release|Any CPU
		{FB26F2D5-2784-4438-BB05-937F5290E4DB}.Release|x86.Build.0 = Release|Any CPU
		{1A0CEB03-5204-4E4A-8EC4-DAC704C7DACD}.Debug|Any CPU.ActiveCfg = Debug|Any CPU
		{1A0CEB03-5204-4E4A-8EC4-DAC704C7DACD}.Debug|Any CPU.Build.0 = Debug|Any CPU
		{1A0CEB03-5204-4E4A-8EC4-DAC704C7DACD}.Debug|x64.ActiveCfg = Debug|Any CPU
		{1A0CEB03-5204-4E4A-8EC4-DAC704C7DACD}.Debug|x64.Build.0 = Debug|Any CPU
		{1A0CEB03-5204-4E4A-8EC4-DAC704C7DACD}.Debug|x86.ActiveCfg = Debug|Any CPU
		{1A0CEB03-5204-4E4A-8EC4-DAC704C7DACD}.Debug|x86.Build.0 = Debug|Any CPU
		{1A0CEB03-5204-4E4A-8EC4-DAC704C7DACD}.Release|Any CPU.ActiveCfg = Release|Any CPU
		{1A0CEB03-5204-4E4A-8EC4-DAC704C7DACD}.Release|Any CPU.Build.0 = Release|Any CPU
		{1A0CEB03-5204-4E4A-8EC4-DAC704C7DACD}.Release|x64.ActiveCfg = Release|Any CPU
		{1A0CEB03-5204-4E4A-8EC4-DAC704C7DACD}.Release|x64.Build.0 = Release|Any CPU
		{1A0CEB03-5204-4E4A-8EC4-DAC704C7DACD}.Release|x86.ActiveCfg = Release|Any CPU
		{1A0CEB03-5204-4E4A-8EC4-DAC704C7DACD}.Release|x86.Build.0 = Release|Any CPU
		{C66FCBC3-B3F4-4E22-940A-4C822CCEAC31}.Debug|Any CPU.ActiveCfg = Debug|Any CPU
		{C66FCBC3-B3F4-4E22-940A-4C822CCEAC31}.Debug|Any CPU.Build.0 = Debug|Any CPU
		{C66FCBC3-B3F4-4E22-940A-4C822CCEAC31}.Debug|x64.ActiveCfg = Debug|Any CPU
		{C66FCBC3-B3F4-4E22-940A-4C822CCEAC31}.Debug|x64.Build.0 = Debug|Any CPU
		{C66FCBC3-B3F4-4E22-940A-4C822CCEAC31}.Debug|x86.ActiveCfg = Debug|Any CPU
		{C66FCBC3-B3F4-4E22-940A-4C822CCEAC31}.Debug|x86.Build.0 = Debug|Any CPU
		{C66FCBC3-B3F4-4E22-940A-4C822CCEAC31}.Release|Any CPU.ActiveCfg = Release|Any CPU
		{C66FCBC3-B3F4-4E22-940A-4C822CCEAC31}.Release|Any CPU.Build.0 = Release|Any CPU
		{C66FCBC3-B3F4-4E22-940A-4C822CCEAC31}.Release|x64.ActiveCfg = Release|Any CPU
		{C66FCBC3-B3F4-4E22-940A-4C822CCEAC31}.Release|x64.Build.0 = Release|Any CPU
		{C66FCBC3-B3F4-4E22-940A-4C822CCEAC31}.Release|x86.ActiveCfg = Release|Any CPU
		{C66FCBC3-B3F4-4E22-940A-4C822CCEAC31}.Release|x86.Build.0 = Release|Any CPU
		{6E2633B0-618F-4135-AC20-891128C0226F}.Debug|Any CPU.ActiveCfg = Debug|Any CPU
		{6E2633B0-618F-4135-AC20-891128C0226F}.Debug|Any CPU.Build.0 = Debug|Any CPU
		{6E2633B0-618F-4135-AC20-891128C0226F}.Debug|x64.ActiveCfg = Debug|Any CPU
		{6E2633B0-618F-4135-AC20-891128C0226F}.Debug|x64.Build.0 = Debug|Any CPU
		{6E2633B0-618F-4135-AC20-891128C0226F}.Debug|x86.ActiveCfg = Debug|Any CPU
		{6E2633B0-618F-4135-AC20-891128C0226F}.Debug|x86.Build.0 = Debug|Any CPU
		{6E2633B0-618F-4135-AC20-891128C0226F}.Release|Any CPU.ActiveCfg = Release|Any CPU
		{6E2633B0-618F-4135-AC20-891128C0226F}.Release|Any CPU.Build.0 = Release|Any CPU
		{6E2633B0-618F-4135-AC20-891128C0226F}.Release|x64.ActiveCfg = Release|Any CPU
		{6E2633B0-618F-4135-AC20-891128C0226F}.Release|x64.Build.0 = Release|Any CPU
		{6E2633B0-618F-4135-AC20-891128C0226F}.Release|x86.ActiveCfg = Release|Any CPU
		{6E2633B0-618F-4135-AC20-891128C0226F}.Release|x86.Build.0 = Release|Any CPU
		{B09AE66C-CB44-4130-ADED-3E42C59FFEFC}.Debug|Any CPU.ActiveCfg = Debug|Any CPU
		{B09AE66C-CB44-4130-ADED-3E42C59FFEFC}.Debug|Any CPU.Build.0 = Debug|Any CPU
		{B09AE66C-CB44-4130-ADED-3E42C59FFEFC}.Debug|x64.ActiveCfg = Debug|Any CPU
		{B09AE66C-CB44-4130-ADED-3E42C59FFEFC}.Debug|x64.Build.0 = Debug|Any CPU
		{B09AE66C-CB44-4130-ADED-3E42C59FFEFC}.Debug|x86.ActiveCfg = Debug|Any CPU
		{B09AE66C-CB44-4130-ADED-3E42C59FFEFC}.Debug|x86.Build.0 = Debug|Any CPU
		{B09AE66C-CB44-4130-ADED-3E42C59FFEFC}.Release|Any CPU.ActiveCfg = Release|Any CPU
		{B09AE66C-CB44-4130-ADED-3E42C59FFEFC}.Release|Any CPU.Build.0 = Release|Any CPU
		{B09AE66C-CB44-4130-ADED-3E42C59FFEFC}.Release|x64.ActiveCfg = Release|Any CPU
		{B09AE66C-CB44-4130-ADED-3E42C59FFEFC}.Release|x64.Build.0 = Release|Any CPU
		{B09AE66C-CB44-4130-ADED-3E42C59FFEFC}.Release|x86.ActiveCfg = Release|Any CPU
		{B09AE66C-CB44-4130-ADED-3E42C59FFEFC}.Release|x86.Build.0 = Release|Any CPU
		{6141494F-E1F2-4CF1-A075-69BBAE6BEC7D}.Debug|Any CPU.ActiveCfg = Debug|Any CPU
		{6141494F-E1F2-4CF1-A075-69BBAE6BEC7D}.Debug|Any CPU.Build.0 = Debug|Any CPU
		{6141494F-E1F2-4CF1-A075-69BBAE6BEC7D}.Debug|x64.ActiveCfg = Debug|Any CPU
		{6141494F-E1F2-4CF1-A075-69BBAE6BEC7D}.Debug|x64.Build.0 = Debug|Any CPU
		{6141494F-E1F2-4CF1-A075-69BBAE6BEC7D}.Debug|x86.ActiveCfg = Debug|Any CPU
		{6141494F-E1F2-4CF1-A075-69BBAE6BEC7D}.Debug|x86.Build.0 = Debug|Any CPU
		{6141494F-E1F2-4CF1-A075-69BBAE6BEC7D}.Release|Any CPU.ActiveCfg = Release|Any CPU
		{6141494F-E1F2-4CF1-A075-69BBAE6BEC7D}.Release|Any CPU.Build.0 = Release|Any CPU
		{6141494F-E1F2-4CF1-A075-69BBAE6BEC7D}.Release|x64.ActiveCfg = Release|Any CPU
		{6141494F-E1F2-4CF1-A075-69BBAE6BEC7D}.Release|x64.Build.0 = Release|Any CPU
		{6141494F-E1F2-4CF1-A075-69BBAE6BEC7D}.Release|x86.ActiveCfg = Release|Any CPU
		{6141494F-E1F2-4CF1-A075-69BBAE6BEC7D}.Release|x86.Build.0 = Release|Any CPU
	EndGlobalSection
	GlobalSection(SolutionProperties) = preSolution
		HideSolutionNode = FALSE
	EndGlobalSection
	GlobalSection(ExtensibilityGlobals) = postSolution
		SolutionGuid = {73C150A7-9789-4366-9E79-644AC3BF88AA}
	EndGlobalSection
EndGlobal
